
Microsoft Visual Studio Solution File, Format Version 12.00
Project("{FAE04EC0-301F-11D3-BF4B-00C04F79EFBC}") = "YMouseButtonControl.Core.Tests", "YMouseButtonControl.Core.Tests\YMouseButtonControl.Core.Tests.csproj", "{0F770391-A4A1-611D-4FBA-125A6EB42834}"
EndProject
Project("{FAE04EC0-301F-11D3-BF4B-00C04F79EFBC}") = "YMouseButtonControl.Core", "YMouseButtonControl.Core\YMouseButtonControl.Core.csproj", "{CEB84FCC-DB49-6456-7173-1F508E465D31}"
EndProject
Project("{FAE04EC0-301F-11D3-BF4B-00C04F79EFBC}") = "YMouseButtonControl.DataAccess", "YMouseButtonControl.DataAccess\YMouseButtonControl.DataAccess.csproj", "{A4C2C9B9-43FA-ACCF-4C5B-E79ECC6F61BA}"
EndProject
Project("{FAE04EC0-301F-11D3-BF4B-00C04F79EFBC}") = "YMouseButtonControl.Linux.Tests", "YMouseButtonControl.Linux.Tests\YMouseButtonControl.Linux.Tests.csproj", "{BD4EFA4F-A2CD-2BDE-BAA5-C55B4B220A84}"
EndProject
Project("{FAE04EC0-301F-11D3-BF4B-00C04F79EFBC}") = "YMouseButtonControl.Linux", "YMouseButtonControl.Linux\YMouseButtonControl.Linux.csproj", "{A5CC65AD-9267-EF18-07FE-77C6AD6D454A}"
EndProject
Project("{FAE04EC0-301F-11D3-BF4B-00C04F79EFBC}") = "YMouseButtonControl.MacOS", "YMouseButtonControl.MacOS\YMouseButtonControl.MacOS.csproj", "{3B6B60EF-52F8-75F2-B82F-818C79904027}"
EndProject
Project("{FAE04EC0-301F-11D3-BF4B-00C04F79EFBC}") = "YMouseButtonControl.Windows.Tests", "YMouseButtonControl.Windows.Tests\YMouseButtonControl.Windows.Tests.csproj", "{30EBA756-11F4-DFCE-0D4B-05691CA902A7}"
EndProject
Project("{FAE04EC0-301F-11D3-BF4B-00C04F79EFBC}") = "YMouseButtonControl.Windows", "YMouseButtonControl.Windows\YMouseButtonControl.Windows.csproj", "{71DBAE95-A199-1248-A4B2-AA579ED0354B}"
EndProject
Project("{FAE04EC0-301F-11D3-BF4B-00C04F79EFBC}") = "YMouseButtonControl", "YMouseButtonControl\YMouseButtonControl.csproj", "{9E275480-14AB-A39F-C3FB-ED2FDB97361F}"
EndProject
Global
	GlobalSection(SolutionConfigurationPlatforms) = preSolution
		Debug|Any CPU = Debug|Any CPU
		Release|Any CPU = Release|Any CPU
	EndGlobalSection
	GlobalSection(ProjectConfigurationPlatforms) = postSolution
		{0F770391-A4A1-611D-4FBA-125A6EB42834}.Debug|Any CPU.ActiveCfg = Debug|Any CPU
		{0F770391-A4A1-611D-4FBA-125A6EB42834}.Debug|Any CPU.Build.0 = Debug|Any CPU
		{0F770391-A4A1-611D-4FBA-125A6EB42834}.Release|Any CPU.ActiveCfg = Release|Any CPU
		{0F770391-A4A1-611D-4FBA-125A6EB42834}.Release|Any CPU.Build.0 = Release|Any CPU
		{CEB84FCC-DB49-6456-7173-1F508E465D31}.Debug|Any CPU.ActiveCfg = Debug|Any CPU
		{CEB84FCC-DB49-6456-7173-1F508E465D31}.Debug|Any CPU.Build.0 = Debug|Any CPU
		{CEB84FCC-DB49-6456-7173-1F508E465D31}.Release|Any CPU.ActiveCfg = Release|Any CPU
		{CEB84FCC-DB49-6456-7173-1F508E465D31}.Release|Any CPU.Build.0 = Release|Any CPU
		{A4C2C9B9-43FA-ACCF-4C5B-E79ECC6F61BA}.Debug|Any CPU.ActiveCfg = Debug|Any CPU
		{A4C2C9B9-43FA-ACCF-4C5B-E79ECC6F61BA}.Debug|Any CPU.Build.0 = Debug|Any CPU
		{A4C2C9B9-43FA-ACCF-4C5B-E79ECC6F61BA}.Release|Any CPU.ActiveCfg = Release|Any CPU
		{A4C2C9B9-43FA-ACCF-4C5B-E79ECC6F61BA}.Release|Any CPU.Build.0 = Release|Any CPU
		{BD4EFA4F-A2CD-2BDE-BAA5-C55B4B220A84}.Debug|Any CPU.ActiveCfg = Debug|Any CPU
		{BD4EFA4F-A2CD-2BDE-BAA5-C55B4B220A84}.Debug|Any CPU.Build.0 = Debug|Any CPU
		{BD4EFA4F-A2CD-2BDE-BAA5-C55B4B220A84}.Release|Any CPU.ActiveCfg = Release|Any CPU
		{BD4EFA4F-A2CD-2BDE-BAA5-C55B4B220A84}.Release|Any CPU.Build.0 = Release|Any CPU
		{A5CC65AD-9267-EF18-07FE-77C6AD6D454A}.Debug|Any CPU.ActiveCfg = Debug|Any CPU
		{A5CC65AD-9267-EF18-07FE-77C6AD6D454A}.Debug|Any CPU.Build.0 = Debug|Any CPU
		{A5CC65AD-9267-EF18-07FE-77C6AD6D454A}.Release|Any CPU.ActiveCfg = Release|Any CPU
		{A5CC65AD-9267-EF18-07FE-77C6AD6D454A}.Release|Any CPU.Build.0 = Release|Any CPU
		{3B6B60EF-52F8-75F2-B82F-818C79904027}.Debug|Any CPU.ActiveCfg = Debug|Any CPU
		{3B6B60EF-52F8-75F2-B82F-818C79904027}.Debug|Any CPU.Build.0 = Debug|Any CPU
		{3B6B60EF-52F8-75F2-B82F-818C79904027}.Release|Any CPU.ActiveCfg = Release|Any CPU
		{3B6B60EF-52F8-75F2-B82F-818C79904027}.Release|Any CPU.Build.0 = Release|Any CPU
		{30EBA756-11F4-DFCE-0D4B-05691CA902A7}.Debug|Any CPU.ActiveCfg = Debug|Any CPU
		{30EBA756-11F4-DFCE-0D4B-05691CA902A7}.Debug|Any CPU.Build.0 = Debug|Any CPU
		{30EBA756-11F4-DFCE-0D4B-05691CA902A7}.Release|Any CPU.ActiveCfg = Release|Any CPU
		{30EBA756-11F4-DFCE-0D4B-05691CA902A7}.Release|Any CPU.Build.0 = Release|Any CPU
		{71DBAE95-A199-1248-A4B2-AA579ED0354B}.Debug|Any CPU.ActiveCfg = Debug|Any CPU
		{71DBAE95-A199-1248-A4B2-AA579ED0354B}.Debug|Any CPU.Build.0 = Debug|Any CPU
		{71DBAE95-A199-1248-A4B2-AA579ED0354B}.Release|Any CPU.ActiveCfg = Release|Any CPU
		{71DBAE95-A199-1248-A4B2-AA579ED0354B}.Release|Any CPU.Build.0 = Release|Any CPU
		{9E275480-14AB-A39F-C3FB-ED2FDB97361F}.Debug|Any CPU.ActiveCfg = Debug|Any CPU
		{9E275480-14AB-A39F-C3FB-ED2FDB97361F}.Debug|Any CPU.Build.0 = Debug|Any CPU
		{9E275480-14AB-A39F-C3FB-ED2FDB97361F}.Release|Any CPU.ActiveCfg = Release|Any CPU
		{9E275480-14AB-A39F-C3FB-ED2FDB97361F}.Release|Any CPU.Build.0 = Release|Any CPU
	EndGlobalSection
EndGlobal
