
Microsoft Visual Studio Solution File, Format Version 12.00
Project("{FAE04EC0-301F-11D3-BF4B-00C04F79EFBC}") = "YMouseButtonControl", "YMouseButtonControl\YMouseButtonControl.csproj", "{01B70517-A05A-405C-9AB7-339F7F697854}"
EndProject
Project("{FAE04EC0-301F-11D3-BF4B-00C04F79EFBC}") = "YMouseButtonControl.ViewModels", "YMouseButtonControl.ViewModels\YMouseButtonControl.ViewModels.csproj", "{73FCD432-71C1-4993-8D2F-739E2C031188}"
EndProject
Project("{FAE04EC0-301F-11D3-BF4B-00C04F79EFBC}") = "YMouseButtonControl.DataAccess", "YMouseButtonControl.DataAccess\YMouseButtonControl.DataAccess.csproj", "{D3C55440-0ECE-43CF-8274-BBAB6152DFE3}"
EndProject
Project("{FAE04EC0-301F-11D3-BF4B-00C04F79EFBC}") = "YMouseButtonControl.DataAccess.LiteDb", "YMouseButtonControl.DataAccess.LiteDb\YMouseButtonControl.DataAccess.LiteDb.csproj", "{6AAA8112-7911-4981-B9D0-A4CEE0597045}"
EndProject
Project("{FAE04EC0-301F-11D3-BF4B-00C04F79EFBC}") = "YMouseButtonControl.DataAccess.Models", "YMouseButtonControl.DataAccess.Models\YMouseButtonControl.DataAccess.Models.csproj", "{44868CBC-59D8-4484-93AD-DF71D9D7F4F4}"
EndProject
Project("{FAE04EC0-301F-11D3-BF4B-00C04F79EFBC}") = "YMouseButtonControl.Services.Environment", "YMouseButtonControl.Services.Environment\YMouseButtonControl.Services.Environment.csproj", "{32D05160-3659-4D61-AC11-02E2744BD8E1}"
EndProject
Project("{FAE04EC0-301F-11D3-BF4B-00C04F79EFBC}") = "YMouseButtonControl.Services.Abstractions", "YMouseButtonControl.Services.Abstractions\YMouseButtonControl.Services.Abstractions.csproj", "{882D9A56-CE0F-4D8B-926D-ABCAC7082EB5}"
EndProject
Project("{FAE04EC0-301F-11D3-BF4B-00C04F79EFBC}") = "YMouseButtonControl.Avalonia", "YMouseButtonControl.Avalonia\YMouseButtonControl.Avalonia.csproj", "{C80D75A0-2740-4E14-8463-515B26D93EDB}"
EndProject
Project("{FAE04EC0-301F-11D3-BF4B-00C04F79EFBC}") = "YMouseButtonControl.KeyboardAndMouse", "YMouseButtonControl.KeyboardAndMouse\YMouseButtonControl.KeyboardAndMouse.csproj", "{13C6876F-1FC2-4D50-99FA-E9B305FCEAEA}"
EndProject
Project("{FAE04EC0-301F-11D3-BF4B-00C04F79EFBC}") = "YMouseButtonControl.KeyboardAndMouse.SharpHook", "YMouseButtonControl.KeyboardAndMouse.SharpHook\YMouseButtonControl.KeyboardAndMouse.SharpHook.csproj", "{F4633549-C46B-4F65-B694-C879DE47B9BF}"
EndProject
Project("{FAE04EC0-301F-11D3-BF4B-00C04F79EFBC}") = "YMouseButtonControl.KeyboardAndMouse.Models", "YMouseButtonControl.KeyboardAndMouse.Models\YMouseButtonControl.KeyboardAndMouse.Models.csproj", "{10AF332C-453D-4D1A-AC60-6E0101CEEC30}"
EndProject
Project("{FAE04EC0-301F-11D3-BF4B-00C04F79EFBC}") = "YMouseButtonControl.ViewModels.Tests", "YMouseButtonControl.ViewModels.Tests\YMouseButtonControl.ViewModels.Tests.csproj", "{E86C6444-1893-4EE9-8E6E-8D506CAACD10}"
EndProject
Project("{FAE04EC0-301F-11D3-BF4B-00C04F79EFBC}") = "YMouseButtonControl.Processes", "YMouseButtonControl.Processes\YMouseButtonControl.Processes.csproj", "{74D9519F-46D0-4747-907D-ADBD1F3901B6}"
EndProject
Project("{FAE04EC0-301F-11D3-BF4B-00C04F79EFBC}") = "YMouseButtonControl.Profiles", "YMouseButtonControl.Profiles\YMouseButtonControl.Profiles.csproj", "{CD7D9796-7E28-430B-856D-0EC9BFEC5680}"
EndProject
Project("{FAE04EC0-301F-11D3-BF4B-00C04F79EFBC}") = "YMouseButtonControl.KeyboardAndMouse.SharpHook.Tests", "YMouseButtonControl.KeyboardAndMouse.SharpHook.Tests\YMouseButtonControl.KeyboardAndMouse.SharpHook.Tests.csproj", "{CBB6D7E1-E816-4D4E-89DE-0091B76F1C25}"
EndProject
Project("{FAE04EC0-301F-11D3-BF4B-00C04F79EFBC}") = "YMouseButtonControl.Services.Windows", "YMouseButtonControl.Services.Windows\YMouseButtonControl.Services.Windows.csproj", "{E9873196-0683-4609-9197-6CDF5FD6BCF1}"
EndProject
Project("{FAE04EC0-301F-11D3-BF4B-00C04F79EFBC}") = "YMouseButtonControl.Services.Windows.Tests", "YMouseButtonControl.Services.Windows.Tests\YMouseButtonControl.Services.Windows.Tests.csproj", "{F2119BFB-3A74-48CD-BDDB-3629D0F67B6C}"
EndProject
Project("{FAE04EC0-301F-11D3-BF4B-00C04F79EFBC}") = "YMouseButtonControl.DataAccess.Models.Tests", "YMouseButtonControl.DataAccess.Models.Tests\YMouseButtonControl.DataAccess.Models.Tests.csproj", "{E251AD42-C42E-4801-BF82-086D3CB18E39}"
EndProject
Project("{FAE04EC0-301F-11D3-BF4B-00C04F79EFBC}") = "YMouseButtonControl.Services.MacOS", "YMouseButtonControl.Services.MacOS\YMouseButtonControl.Services.MacOS.csproj", "{4FEFC613-E1F9-42E3-B375-5540BEE95D0C}"
EndProject
Project("{FAE04EC0-301F-11D3-BF4B-00C04F79EFBC}") = "YMouseButtonControl.Profiles.Tests", "YMouseButtonControl.Profiles.Tests\YMouseButtonControl.Profiles.Tests.csproj", "{2262F020-D5F8-452E-8317-0649EBCBFC74}"
EndProject
Global
	GlobalSection(SolutionConfigurationPlatforms) = preSolution
		Debug|Any CPU = Debug|Any CPU
		Release|Any CPU = Release|Any CPU
	EndGlobalSection
	GlobalSection(ProjectConfigurationPlatforms) = postSolution
		{01B70517-A05A-405C-9AB7-339F7F697854}.Debug|Any CPU.ActiveCfg = Debug|Any CPU
		{01B70517-A05A-405C-9AB7-339F7F697854}.Debug|Any CPU.Build.0 = Debug|Any CPU
		{01B70517-A05A-405C-9AB7-339F7F697854}.Release|Any CPU.ActiveCfg = Release|Any CPU
		{01B70517-A05A-405C-9AB7-339F7F697854}.Release|Any CPU.Build.0 = Release|Any CPU
		{73FCD432-71C1-4993-8D2F-739E2C031188}.Debug|Any CPU.ActiveCfg = Debug|Any CPU
		{73FCD432-71C1-4993-8D2F-739E2C031188}.Debug|Any CPU.Build.0 = Debug|Any CPU
		{73FCD432-71C1-4993-8D2F-739E2C031188}.Release|Any CPU.ActiveCfg = Release|Any CPU
		{73FCD432-71C1-4993-8D2F-739E2C031188}.Release|Any CPU.Build.0 = Release|Any CPU
		{D3C55440-0ECE-43CF-8274-BBAB6152DFE3}.Debug|Any CPU.ActiveCfg = Debug|Any CPU
		{D3C55440-0ECE-43CF-8274-BBAB6152DFE3}.Debug|Any CPU.Build.0 = Debug|Any CPU
		{D3C55440-0ECE-43CF-8274-BBAB6152DFE3}.Release|Any CPU.ActiveCfg = Release|Any CPU
		{D3C55440-0ECE-43CF-8274-BBAB6152DFE3}.Release|Any CPU.Build.0 = Release|Any CPU
		{6AAA8112-7911-4981-B9D0-A4CEE0597045}.Debug|Any CPU.ActiveCfg = Debug|Any CPU
		{6AAA8112-7911-4981-B9D0-A4CEE0597045}.Debug|Any CPU.Build.0 = Debug|Any CPU
		{6AAA8112-7911-4981-B9D0-A4CEE0597045}.Release|Any CPU.ActiveCfg = Release|Any CPU
		{6AAA8112-7911-4981-B9D0-A4CEE0597045}.Release|Any CPU.Build.0 = Release|Any CPU
		{44868CBC-59D8-4484-93AD-DF71D9D7F4F4}.Debug|Any CPU.ActiveCfg = Debug|Any CPU
		{44868CBC-59D8-4484-93AD-DF71D9D7F4F4}.Debug|Any CPU.Build.0 = Debug|Any CPU
		{44868CBC-59D8-4484-93AD-DF71D9D7F4F4}.Release|Any CPU.ActiveCfg = Release|Any CPU
		{44868CBC-59D8-4484-93AD-DF71D9D7F4F4}.Release|Any CPU.Build.0 = Release|Any CPU
		{32D05160-3659-4D61-AC11-02E2744BD8E1}.Debug|Any CPU.ActiveCfg = Debug|Any CPU
		{32D05160-3659-4D61-AC11-02E2744BD8E1}.Debug|Any CPU.Build.0 = Debug|Any CPU
		{32D05160-3659-4D61-AC11-02E2744BD8E1}.Release|Any CPU.ActiveCfg = Release|Any CPU
		{32D05160-3659-4D61-AC11-02E2744BD8E1}.Release|Any CPU.Build.0 = Release|Any CPU
		{882D9A56-CE0F-4D8B-926D-ABCAC7082EB5}.Debug|Any CPU.ActiveCfg = Debug|Any CPU
		{882D9A56-CE0F-4D8B-926D-ABCAC7082EB5}.Debug|Any CPU.Build.0 = Debug|Any CPU
		{882D9A56-CE0F-4D8B-926D-ABCAC7082EB5}.Release|Any CPU.ActiveCfg = Release|Any CPU
		{882D9A56-CE0F-4D8B-926D-ABCAC7082EB5}.Release|Any CPU.Build.0 = Release|Any CPU
		{C80D75A0-2740-4E14-8463-515B26D93EDB}.Debug|Any CPU.ActiveCfg = Debug|Any CPU
		{C80D75A0-2740-4E14-8463-515B26D93EDB}.Debug|Any CPU.Build.0 = Debug|Any CPU
		{C80D75A0-2740-4E14-8463-515B26D93EDB}.Release|Any CPU.ActiveCfg = Release|Any CPU
		{C80D75A0-2740-4E14-8463-515B26D93EDB}.Release|Any CPU.Build.0 = Release|Any CPU
		{13C6876F-1FC2-4D50-99FA-E9B305FCEAEA}.Debug|Any CPU.ActiveCfg = Debug|Any CPU
		{13C6876F-1FC2-4D50-99FA-E9B305FCEAEA}.Debug|Any CPU.Build.0 = Debug|Any CPU
		{13C6876F-1FC2-4D50-99FA-E9B305FCEAEA}.Release|Any CPU.ActiveCfg = Release|Any CPU
		{13C6876F-1FC2-4D50-99FA-E9B305FCEAEA}.Release|Any CPU.Build.0 = Release|Any CPU
		{F4633549-C46B-4F65-B694-C879DE47B9BF}.Debug|Any CPU.ActiveCfg = Debug|Any CPU
		{F4633549-C46B-4F65-B694-C879DE47B9BF}.Debug|Any CPU.Build.0 = Debug|Any CPU
		{F4633549-C46B-4F65-B694-C879DE47B9BF}.Release|Any CPU.ActiveCfg = Release|Any CPU
		{F4633549-C46B-4F65-B694-C879DE47B9BF}.Release|Any CPU.Build.0 = Release|Any CPU
		{10AF332C-453D-4D1A-AC60-6E0101CEEC30}.Debug|Any CPU.ActiveCfg = Debug|Any CPU
		{10AF332C-453D-4D1A-AC60-6E0101CEEC30}.Debug|Any CPU.Build.0 = Debug|Any CPU
		{10AF332C-453D-4D1A-AC60-6E0101CEEC30}.Release|Any CPU.ActiveCfg = Release|Any CPU
		{10AF332C-453D-4D1A-AC60-6E0101CEEC30}.Release|Any CPU.Build.0 = Release|Any CPU
		{E86C6444-1893-4EE9-8E6E-8D506CAACD10}.Debug|Any CPU.ActiveCfg = Debug|Any CPU
		{E86C6444-1893-4EE9-8E6E-8D506CAACD10}.Debug|Any CPU.Build.0 = Debug|Any CPU
		{E86C6444-1893-4EE9-8E6E-8D506CAACD10}.Release|Any CPU.ActiveCfg = Release|Any CPU
		{E86C6444-1893-4EE9-8E6E-8D506CAACD10}.Release|Any CPU.Build.0 = Release|Any CPU
		{74D9519F-46D0-4747-907D-ADBD1F3901B6}.Debug|Any CPU.ActiveCfg = Debug|Any CPU
		{74D9519F-46D0-4747-907D-ADBD1F3901B6}.Debug|Any CPU.Build.0 = Debug|Any CPU
		{74D9519F-46D0-4747-907D-ADBD1F3901B6}.Release|Any CPU.ActiveCfg = Release|Any CPU
		{74D9519F-46D0-4747-907D-ADBD1F3901B6}.Release|Any CPU.Build.0 = Release|Any CPU
		{CD7D9796-7E28-430B-856D-0EC9BFEC5680}.Debug|Any CPU.ActiveCfg = Debug|Any CPU
		{CD7D9796-7E28-430B-856D-0EC9BFEC5680}.Debug|Any CPU.Build.0 = Debug|Any CPU
		{CD7D9796-7E28-430B-856D-0EC9BFEC5680}.Release|Any CPU.ActiveCfg = Release|Any CPU
		{CD7D9796-7E28-430B-856D-0EC9BFEC5680}.Release|Any CPU.Build.0 = Release|Any CPU
		{CBB6D7E1-E816-4D4E-89DE-0091B76F1C25}.Debug|Any CPU.ActiveCfg = Debug|Any CPU
		{CBB6D7E1-E816-4D4E-89DE-0091B76F1C25}.Debug|Any CPU.Build.0 = Debug|Any CPU
		{CBB6D7E1-E816-4D4E-89DE-0091B76F1C25}.Release|Any CPU.ActiveCfg = Release|Any CPU
		{CBB6D7E1-E816-4D4E-89DE-0091B76F1C25}.Release|Any CPU.Build.0 = Release|Any CPU
		{E9873196-0683-4609-9197-6CDF5FD6BCF1}.Debug|Any CPU.ActiveCfg = Debug|Any CPU
		{E9873196-0683-4609-9197-6CDF5FD6BCF1}.Debug|Any CPU.Build.0 = Debug|Any CPU
		{E9873196-0683-4609-9197-6CDF5FD6BCF1}.Release|Any CPU.ActiveCfg = Release|Any CPU
		{E9873196-0683-4609-9197-6CDF5FD6BCF1}.Release|Any CPU.Build.0 = Release|Any CPU
		{F2119BFB-3A74-48CD-BDDB-3629D0F67B6C}.Debug|Any CPU.ActiveCfg = Debug|Any CPU
		{F2119BFB-3A74-48CD-BDDB-3629D0F67B6C}.Debug|Any CPU.Build.0 = Debug|Any CPU
		{F2119BFB-3A74-48CD-BDDB-3629D0F67B6C}.Release|Any CPU.ActiveCfg = Release|Any CPU
		{F2119BFB-3A74-48CD-BDDB-3629D0F67B6C}.Release|Any CPU.Build.0 = Release|Any CPU
		{E251AD42-C42E-4801-BF82-086D3CB18E39}.Debug|Any CPU.ActiveCfg = Debug|Any CPU
		{E251AD42-C42E-4801-BF82-086D3CB18E39}.Debug|Any CPU.Build.0 = Debug|Any CPU
		{E251AD42-C42E-4801-BF82-086D3CB18E39}.Release|Any CPU.ActiveCfg = Release|Any CPU
		{E251AD42-C42E-4801-BF82-086D3CB18E39}.Release|Any CPU.Build.0 = Release|Any CPU
		{4FEFC613-E1F9-42E3-B375-5540BEE95D0C}.Debug|Any CPU.ActiveCfg = Debug|Any CPU
		{4FEFC613-E1F9-42E3-B375-5540BEE95D0C}.Debug|Any CPU.Build.0 = Debug|Any CPU
		{4FEFC613-E1F9-42E3-B375-5540BEE95D0C}.Release|Any CPU.ActiveCfg = Release|Any CPU
		{4FEFC613-E1F9-42E3-B375-5540BEE95D0C}.Release|Any CPU.Build.0 = Release|Any CPU
		{2262F020-D5F8-452E-8317-0649EBCBFC74}.Debug|Any CPU.ActiveCfg = Debug|Any CPU
		{2262F020-D5F8-452E-8317-0649EBCBFC74}.Debug|Any CPU.Build.0 = Debug|Any CPU
		{2262F020-D5F8-452E-8317-0649EBCBFC74}.Release|Any CPU.ActiveCfg = Release|Any CPU
		{2262F020-D5F8-452E-8317-0649EBCBFC74}.Release|Any CPU.Build.0 = Release|Any CPU
	EndGlobalSection
EndGlobal
